{
  "name": "lime",
  "lockfileVersion": 3,
  "requires": true,
  "packages": {
    "": {
      "dependencies": {
        "@inertiajs/inertia": "^0.11.1",
        "@inertiajs/inertia-vue3": "^0.6.0",
        "vue": "^3.2.36"
      }
    },
    "node_modules/@babel/parser": {
      "version": "7.21.3",
      "resolved": "https://registry.npmjs.org/@babel/parser/-/parser-7.21.3.tgz",
      "integrity": "sha512-lobG0d7aOfQRXh8AyklEAgZGvA4FShxo6xQbUrrT/cNBPUdIDojlokwJsQyCC/eKia7ifqM0yP+2DRZ4WKw2RQ==",
      "bin": {
        "parser": "bin/babel-parser.js"
      },
      "engines": {
        "node": ">=6.0.0"
      }
    },
    "node_modules/@inertiajs/inertia": {
      "version": "0.11.1",
      "resolved": "https://registry.npmjs.org/@inertiajs/inertia/-/inertia-0.11.1.tgz",
      "integrity": "sha512-btmV53c54oW4Z9XF0YyTdIUnM7ue0ONy3/KJOz6J1C5CYIwimiKfDMpz8ZbGJuxS+SPdOlNsqj2ZhlHslpJRZg==",
      "dependencies": {
        "axios": "^0.21.1",
        "deepmerge": "^4.0.0",
        "qs": "^6.9.0"
      }
    },
    "node_modules/@inertiajs/inertia-vue3": {
      "version": "0.6.0",
      "resolved": "https://registry.npmjs.org/@inertiajs/inertia-vue3/-/inertia-vue3-0.6.0.tgz",
      "integrity": "sha512-qhPBtd/G0VS7vVVbYw1rrqKB6JqRusxqt+5ec2GLmK6t7fTlBBnZ3KsakmGZLSM1m1OGkNcfn4ifmCk3zfA8RQ==",
      "dependencies": {
        "lodash.clonedeep": "^4.5.0",
        "lodash.isequal": "^4.5.0"
      },
      "peerDependencies": {
        "@inertiajs/inertia": "^0.11.0",
        "vue": "^3.0.0"
      }
    },
    "node_modules/@inertiajs/inertia/node_modules/axios": {
      "version": "0.21.4",
      "resolved": "https://registry.npmjs.org/axios/-/axios-0.21.4.tgz",
      "integrity": "sha512-ut5vewkiu8jjGBdqpM44XxjuCjq9LAKeHVmoVfHVzy8eHgxxq8SbAVQNovDA8mVi05kP0Ea/n/UzcSHcTJQfNg==",
      "dependencies": {
        "follow-redirects": "^1.14.0"
      }
    },
    "node_modules/@vue/compiler-core": {
      "version": "3.2.36",
      "resolved": "https://registry.npmjs.org/@vue/compiler-core/-/compiler-core-3.2.36.tgz",
      "integrity": "sha512-bbyZM5hvBicv0PW3KUfVi+x3ylHnfKG7DOn5wM+f2OztTzTjLEyBb/5yrarIYpmnGitVGbjZqDbODyW4iK8hqw==",
      "dependencies": {
        "@babel/parser": "^7.16.4",
        "@vue/shared": "3.2.36",
        "estree-walker": "^2.0.2",
        "source-map": "^0.6.1"
      }
    },
    "node_modules/@vue/compiler-core/node_modules/@vue/shared": {
      "version": "3.2.36",
      "resolved": "https://registry.npmjs.org/@vue/shared/-/shared-3.2.36.tgz",
      "integrity": "sha512-JtB41wXl7Au3+Nl3gD16Cfpj7k/6aCroZ6BbOiCMFCMvrOpkg/qQUXTso2XowaNqBbnkuGHurLAqkLBxNGc1hQ=="
    },
    "node_modules/@vue/compiler-dom": {
      "version": "3.2.36",
      "resolved": "https://registry.npmjs.org/@vue/compiler-dom/-/compiler-dom-3.2.36.tgz",
      "integrity": "sha512-tcOTAOiW4s24QLnq+ON6J+GRONXJ+A/mqKCORi0LSlIh8XQlNnlm24y8xIL8la+ZDgkdbjarQ9ZqYSvEja6gVA==",
      "dependencies": {
        "@vue/compiler-core": "3.2.36",
        "@vue/shared": "3.2.36"
      }
    },
    "node_modules/@vue/compiler-dom/node_modules/@vue/shared": {
      "version": "3.2.36",
      "resolved": "https://registry.npmjs.org/@vue/shared/-/shared-3.2.36.tgz",
      "integrity": "sha512-JtB41wXl7Au3+Nl3gD16Cfpj7k/6aCroZ6BbOiCMFCMvrOpkg/qQUXTso2XowaNqBbnkuGHurLAqkLBxNGc1hQ=="
    },
    "node_modules/@vue/compiler-sfc": {
      "version": "3.2.36",
      "resolved": "https://registry.npmjs.org/@vue/compiler-sfc/-/compiler-sfc-3.2.36.tgz",
      "integrity": "sha512-AvGb4bTj4W8uQ4BqaSxo7UwTEqX5utdRSMyHy58OragWlt8nEACQ9mIeQh3K4di4/SX+41+pJrLIY01lHAOFOA==",
      "dependencies": {
        "@babel/parser": "^7.16.4",
        "@vue/compiler-core": "3.2.36",
        "@vue/compiler-dom": "3.2.36",
        "@vue/compiler-ssr": "3.2.36",
        "@vue/reactivity-transform": "3.2.36",
        "@vue/shared": "3.2.36",
        "estree-walker": "^2.0.2",
        "magic-string": "^0.25.7",
        "postcss": "^8.1.10",
        "source-map": "^0.6.1"
      }
    },
    "node_modules/@vue/compiler-sfc/node_modules/@vue/shared": {
      "version": "3.2.36",
      "resolved": "https://registry.npmjs.org/@vue/shared/-/shared-3.2.36.tgz",
      "integrity": "sha512-JtB41wXl7Au3+Nl3gD16Cfpj7k/6aCroZ6BbOiCMFCMvrOpkg/qQUXTso2XowaNqBbnkuGHurLAqkLBxNGc1hQ=="
    },
    "node_modules/@vue/compiler-ssr": {
      "version": "3.2.36",
      "resolved": "https://registry.npmjs.org/@vue/compiler-ssr/-/compiler-ssr-3.2.36.tgz",
      "integrity": "sha512-+KugInUFRvOxEdLkZwE+W43BqHyhBh0jpYXhmqw1xGq2dmE6J9eZ8UUSOKNhdHtQ/iNLWWeK/wPZkVLUf3YGaw==",
      "dependencies": {
        "@vue/compiler-dom": "3.2.36",
        "@vue/shared": "3.2.36"
      }
    },
    "node_modules/@vue/compiler-ssr/node_modules/@vue/shared": {
      "version": "3.2.36",
      "resolved": "https://registry.npmjs.org/@vue/shared/-/shared-3.2.36.tgz",
      "integrity": "sha512-JtB41wXl7Au3+Nl3gD16Cfpj7k/6aCroZ6BbOiCMFCMvrOpkg/qQUXTso2XowaNqBbnkuGHurLAqkLBxNGc1hQ=="
    },
    "node_modules/@vue/reactivity-transform": {
      "version": "3.2.36",
      "resolved": "https://registry.npmjs.org/@vue/reactivity-transform/-/reactivity-transform-3.2.36.tgz",
      "integrity": "sha512-Jk5o2BhpODC9XTA7o4EL8hSJ4JyrFWErLtClG3NH8wDS7ri9jBDWxI7/549T7JY9uilKsaNM+4pJASLj5dtRwA==",
      "dependencies": {
        "@babel/parser": "^7.16.4",
        "@vue/compiler-core": "3.2.36",
        "@vue/shared": "3.2.36",
        "estree-walker": "^2.0.2",
        "magic-string": "^0.25.7"
      }
    },
    "node_modules/@vue/reactivity-transform/node_modules/@vue/shared": {
      "version": "3.2.36",
      "resolved": "https://registry.npmjs.org/@vue/shared/-/shared-3.2.36.tgz",
      "integrity": "sha512-JtB41wXl7Au3+Nl3gD16Cfpj7k/6aCroZ6BbOiCMFCMvrOpkg/qQUXTso2XowaNqBbnkuGHurLAqkLBxNGc1hQ=="
    },
    "node_modules/@vue/runtime-core": {
      "version": "3.2.36",
      "resolved": "https://registry.npmjs.org/@vue/runtime-core/-/runtime-core-3.2.36.tgz",
      "integrity": "sha512-PTWBD+Lub+1U3/KhbCExrfxyS14hstLX+cBboxVHaz+kXoiDLNDEYAovPtxeTutbqtClIXtft+wcGdC+FUQ9qQ==",
      "dependencies": {
        "@vue/reactivity": "3.2.36",
        "@vue/shared": "3.2.36"
      }
    },
    "node_modules/@vue/runtime-core/node_modules/@vue/reactivity": {
      "version": "3.2.36",
      "resolved": "https://registry.npmjs.org/@vue/reactivity/-/reactivity-3.2.36.tgz",
      "integrity": "sha512-c2qvopo0crh9A4GXi2/2kfGYMxsJW4tVILrqRPydVGZHhq0fnzy6qmclWOhBFckEhmyxmpHpdJtIRYGeKcuhnA==",
      "dependencies": {
        "@vue/shared": "3.2.36"
      }
    },
    "node_modules/@vue/runtime-core/node_modules/@vue/shared": {
      "version": "3.2.36",
      "resolved": "https://registry.npmjs.org/@vue/shared/-/shared-3.2.36.tgz",
      "integrity": "sha512-JtB41wXl7Au3+Nl3gD16Cfpj7k/6aCroZ6BbOiCMFCMvrOpkg/qQUXTso2XowaNqBbnkuGHurLAqkLBxNGc1hQ=="
    },
    "node_modules/@vue/runtime-dom": {
      "version": "3.2.36",
      "resolved": "https://registry.npmjs.org/@vue/runtime-dom/-/runtime-dom-3.2.36.tgz",
      "integrity": "sha512-gYPYblm7QXHVuBohqNRRT7Wez0f2Mx2D40rb4fleehrJU9CnkjG0phhcGEZFfGwCmHZRqBCRgbFWE98bPULqkg==",
      "dependencies": {
        "@vue/runtime-core": "3.2.36",
        "@vue/shared": "3.2.36",
        "csstype": "^2.6.8"
      }
    },
    "node_modules/@vue/runtime-dom/node_modules/@vue/shared": {
      "version": "3.2.36",
      "resolved": "https://registry.npmjs.org/@vue/shared/-/shared-3.2.36.tgz",
      "integrity": "sha512-JtB41wXl7Au3+Nl3gD16Cfpj7k/6aCroZ6BbOiCMFCMvrOpkg/qQUXTso2XowaNqBbnkuGHurLAqkLBxNGc1hQ=="
    },
    "node_modules/@vue/server-renderer": {
      "version": "3.2.36",
      "resolved": "https://registry.npmjs.org/@vue/server-renderer/-/server-renderer-3.2.36.tgz",
      "integrity": "sha512-uZE0+jfye6yYXWvAQYeHZv+f50sRryvy16uiqzk3jn8hEY8zTjI+rzlmZSGoE915k+W/Ol9XSw6vxOUD8dGkUg==",
      "dependencies": {
        "@vue/compiler-ssr": "3.2.36",
        "@vue/shared": "3.2.36"
      },
      "peerDependencies": {
        "vue": "3.2.36"
      }
    },
    "node_modules/@vue/server-renderer/node_modules/@vue/shared": {
      "version": "3.2.36",
      "resolved": "https://registry.npmjs.org/@vue/shared/-/shared-3.2.36.tgz",
      "integrity": "sha512-JtB41wXl7Au3+Nl3gD16Cfpj7k/6aCroZ6BbOiCMFCMvrOpkg/qQUXTso2XowaNqBbnkuGHurLAqkLBxNGc1hQ=="
    },
    "node_modules/call-bind": {
      "version": "1.0.2",
      "resolved": "https://registry.npmjs.org/call-bind/-/call-bind-1.0.2.tgz",
      "integrity": "sha512-7O+FbCihrB5WGbFYesctwmTKae6rOiIzmz1icreWJ+0aA7LJfuqhEso2T9ncpcFtzMQtzXf2QGGueWJGTYsqrA==",
      "dependencies": {
        "function-bind": "^1.1.1",
        "get-intrinsic": "^1.0.2"
      },
      "funding": {
        "url": "https://github.com/sponsors/ljharb"
      }
    },
    "node_modules/csstype": {
      "version": "2.6.21",
      "resolved": "https://registry.npmjs.org/csstype/-/csstype-2.6.21.tgz",
      "integrity": "sha512-Z1PhmomIfypOpoMjRQB70jfvy/wxT50qW08YXO5lMIJkrdq4yOTR+AW7FqutScmB9NkLwxo+jU+kZLbofZZq/w=="
    },
    "node_modules/deepmerge": {
      "version": "4.3.1",
      "resolved": "https://registry.npmjs.org/deepmerge/-/deepmerge-4.3.1.tgz",
      "integrity": "sha512-3sUqbMEc77XqpdNO7FRyRog+eW3ph+GYCbj+rK+uYyRMuwsVy0rMiVtPn+QJlKFvWP/1PYpapqYn0Me2knFn+A==",
      "engines": {
        "node": ">=0.10.0"
      }
    },
    "node_modules/estree-walker": {
      "version": "2.0.2",
      "resolved": "https://registry.npmjs.org/estree-walker/-/estree-walker-2.0.2.tgz",
      "integrity": "sha512-Rfkk/Mp/DL7JVje3u18FxFujQlTNR2q6QfMSMB7AvCBx91NGj/ba3kCfza0f6dVDbw7YlRf/nDrn7pQrCCyQ/w=="
    },
    "node_modules/follow-redirects": {
      "version": "1.15.2",
      "funding": [
        {
          "type": "individual",
          "url": "https://github.com/sponsors/RubenVerborgh"
        }
      ],
      "license": "MIT",
      "engines": {
        "node": ">=4.0"
      },
      "peerDependenciesMeta": {
        "debug": {
          "optional": true
        }
      }
    },
    "node_modules/function-bind": {
      "version": "1.1.1",
      "license": "MIT"
    },
    "node_modules/get-intrinsic": {
      "version": "1.2.0",
      "resolved": "https://registry.npmjs.org/get-intrinsic/-/get-intrinsic-1.2.0.tgz",
      "integrity": "sha512-L049y6nFOuom5wGyRc3/gdTLO94dySVKRACj1RmJZBQXlbTMhtNIgkWkUHq+jYmZvKf14EW1EoJnnjbmoHij0Q==",
      "dependencies": {
        "function-bind": "^1.1.1",
        "has": "^1.0.3",
        "has-symbols": "^1.0.3"
      },
      "funding": {
        "url": "https://github.com/sponsors/ljharb"
      }
    },
    "node_modules/has": {
      "version": "1.0.3",
      "license": "MIT",
      "dependencies": {
        "function-bind": "^1.1.1"
      },
      "engines": {
        "node": ">= 0.4.0"
      }
    },
    "node_modules/has-symbols": {
      "version": "1.0.3",
      "resolved": "https://registry.npmjs.org/has-symbols/-/has-symbols-1.0.3.tgz",
      "integrity": "sha512-l3LCuF6MgDNwTDKkdYGEihYjt5pRPbEg46rtlmnSPlUbgmB8LOIrKJbYYFBSbnPaJexMKtiPO8hmeRjRz2Td+A==",
      "engines": {
        "node": ">= 0.4"
      },
      "funding": {
        "url": "https://github.com/sponsors/ljharb"
      }
    },
    "node_modules/lodash.clonedeep": {
      "version": "4.5.0",
      "resolved": "https://registry.npmjs.org/lodash.clonedeep/-/lodash.clonedeep-4.5.0.tgz",
      "integrity": "sha512-H5ZhCF25riFd9uB5UCkVKo61m3S/xZk1x4wA6yp/L3RFP6Z/eHH1ymQcGLo7J3GMPfm0V/7m1tryHuGVxpqEBQ=="
    },
    "node_modules/lodash.isequal": {
      "version": "4.5.0",
      "resolved": "https://registry.npmjs.org/lodash.isequal/-/lodash.isequal-4.5.0.tgz",
      "integrity": "sha512-pDo3lu8Jhfjqls6GkMgpahsF9kCyayhgykjyLMNFTKWrpVdAQtYyB4muAMWozBB4ig/dtWAmsMxLEI8wuz+DYQ=="
    },
    "node_modules/magic-string": {
      "version": "0.25.9",
      "resolved": "https://registry.npmjs.org/magic-string/-/magic-string-0.25.9.tgz",
      "integrity": "sha512-RmF0AsMzgt25qzqqLc1+MbHmhdx0ojF2Fvs4XnOqz2ZOBXzzkEwc/dJQZCYHAn7v1jbVOjAZfK8msRn4BxO4VQ==",
      "dependencies": {
        "sourcemap-codec": "^1.4.8"
      }
    },
    "node_modules/nanoid": {
      "version": "3.3.4",
      "license": "MIT",
      "bin": {
        "nanoid": "bin/nanoid.cjs"
      },
      "engines": {
        "node": "^10 || ^12 || ^13.7 || ^14 || >=15.0.1"
      }
    },
    "node_modules/object-inspect": {
      "version": "1.12.3",
      "resolved": "https://registry.npmjs.org/object-inspect/-/object-inspect-1.12.3.tgz",
      "integrity": "sha512-geUvdk7c+eizMNUDkRpW1wJwgfOiOeHbxBR/hLXK1aT6zmVSO0jsQcs7fj6MGw89jC/cjGfLcNOrtMYtGqm81g==",
      "funding": {
        "url": "https://github.com/sponsors/ljharb"
      }
    },
    "node_modules/picocolors": {
      "version": "1.0.0",
      "license": "ISC"
    },
    "node_modules/postcss": {
      "version": "8.4.21",
      "funding": [
        {
          "type": "opencollective",
          "url": "https://opencollective.com/postcss/"
        },
        {
          "type": "tidelift",
          "url": "https://tidelift.com/funding/github/npm/postcss"
        }
      ],
      "license": "MIT",
      "dependencies": {
        "nanoid": "^3.3.4",
        "picocolors": "^1.0.0",
        "source-map-js": "^1.0.2"
      },
      "engines": {
        "node": "^10 || ^12 || >=14"
      }
    },
    "node_modules/qs": {
      "version": "6.11.1",
      "resolved": "https://registry.npmjs.org/qs/-/qs-6.11.1.tgz",
      "integrity": "sha512-0wsrzgTz/kAVIeuxSjnpGC56rzYtr6JT/2BwEvMaPhFIoYa1aGO8LbzuU1R0uUYQkLpWBTOj0l/CLAJB64J6nQ==",
      "dependencies": {
        "side-channel": "^1.0.4"
      },
      "engines": {
        "node": ">=0.6"
      },
      "funding": {
        "url": "https://github.com/sponsors/ljharb"
      }
    },
    "node_modules/side-channel": {
      "version": "1.0.4",
      "resolved": "https://registry.npmjs.org/side-channel/-/side-channel-1.0.4.tgz",
      "integrity": "sha512-q5XPytqFEIKHkGdiMIrY10mvLRvnQh42/+GoBlFW3b2LXLE2xxJpZFdm94we0BaoV3RwJyGqg5wS7epxTv0Zvw==",
      "dependencies": {
        "call-bind": "^1.0.0",
        "get-intrinsic": "^1.0.2",
        "object-inspect": "^1.9.0"
      },
      "funding": {
        "url": "https://github.com/sponsors/ljharb"
      }
    },
    "node_modules/source-map": {
      "version": "0.6.1",
      "resolved": "https://registry.npmjs.org/source-map/-/source-map-0.6.1.tgz",
      "integrity": "sha512-UjgapumWlbMhkBgzT7Ykc5YXUT46F0iKu8SGXq0bcwP5dz/h0Plj6enJqjz1Zbq2l5WaqYnrVbwWOWMyF3F47g==",
      "engines": {
        "node": ">=0.10.0"
      }
    },
    "node_modules/source-map-js": {
      "version": "1.0.2",
      "license": "BSD-3-Clause",
      "engines": {
        "node": ">=0.10.0"
      }
    },
    "node_modules/sourcemap-codec": {
      "version": "1.4.8",
      "resolved": "https://registry.npmjs.org/sourcemap-codec/-/sourcemap-codec-1.4.8.tgz",
      "integrity": "sha512-9NykojV5Uih4lgo5So5dtw+f0JgJX30KCNI8gwhz2J9A15wD0Ml6tjHKwf6fTSa6fAdVBdZeNOs9eJ71qCk8vA==",
      "deprecated": "Please use @jridgewell/sourcemap-codec instead"
    },
    "node_modules/vue": {
      "version": "3.2.36",
      "resolved": "https://registry.npmjs.org/vue/-/vue-3.2.36.tgz",
      "integrity": "sha512-5yTXmrE6gW8IQgttzHW5bfBiFA6mx35ZXHjGLDmKYzW6MMmYvCwuKybANRepwkMYeXw2v1buGg3/lPICY5YlZw==",
      "dependencies": {
        "@vue/compiler-dom": "3.2.36",
        "@vue/compiler-sfc": "3.2.36",
        "@vue/runtime-dom": "3.2.36",
        "@vue/server-renderer": "3.2.36",
        "@vue/shared": "3.2.36"
      }
    },
    "node_modules/vue/node_modules/@vue/shared": {
      "version": "3.2.36",
      "resolved": "https://registry.npmjs.org/@vue/shared/-/shared-3.2.36.tgz",
      "integrity": "sha512-JtB41wXl7Au3+Nl3gD16Cfpj7k/6aCroZ6BbOiCMFCMvrOpkg/qQUXTso2XowaNqBbnkuGHurLAqkLBxNGc1hQ=="
    }
  }
}
